
Microsoft Visual Studio Solution File, Format Version 11.00
# Visual Studio 2010
Project("{FAE04EC0-301F-11D3-BF4B-00C04F79EFBC}") = "BeanTracker", "BeanTracker\BeanTracker.csproj", "{9F190E33-C16D-4936-A881-508A03742021}"
EndProject
Global
	GlobalSection(SolutionConfigurationPlatforms) = preSolution
		Debug|Any CPU = Debug|Any CPU
		Release|Any CPU = Release|Any CPU
	EndGlobalSection
	GlobalSection(ProjectConfigurationPlatforms) = postSolution
		{9F190E33-C16D-4936-A881-508A03742021}.Debug|Any CPU.ActiveCfg = Debug|Any CPU
		{9F190E33-C16D-4936-A881-508A03742021}.Debug|Any CPU.Build.0 = Debug|Any CPU
		{9F190E33-C16D-4936-A881-508A03742021}.Release|Any CPU.ActiveCfg = Release|Any CPU
		{9F190E33-C16D-4936-A881-508A03742021}.Release|Any CPU.Build.0 = Release|Any CPU
	EndGlobalSection
	GlobalSection(MonoDevelopProperties) = preSolution
		StartupItem = BeanTracker\BeanTracker.csproj
	EndGlobalSection
EndGlobal
